
Microsoft Visual Studio Solution File, Format Version 12.00
# Visual Studio 15
VisualStudioVersion = 15.0.28307.572
MinimumVisualStudioVersion = 10.0.40219.1
Project("{FAE04EC0-301F-11D3-BF4B-00C04F79EFBC}") = "190421_1_OOP_Ornek_Proje", "190421_1_OOP_Ornek_Proje\190421_1_OOP_Ornek_Proje.csproj", "{A140EBBD-A2D0-45C6-977A-8FF3D839FF6F}"
EndProject
Global
	GlobalSection(SolutionConfigurationPlatforms) = preSolution
		Debug|Any CPU = Debug|Any CPU
		Release|Any CPU = Release|Any CPU
	EndGlobalSection
	GlobalSection(ProjectConfigurationPlatforms) = postSolution
		{A140EBBD-A2D0-45C6-977A-8FF3D839FF6F}.Debug|Any CPU.ActiveCfg = Debug|Any CPU
		{A140EBBD-A2D0-45C6-977A-8FF3D839FF6F}.Debug|Any CPU.Build.0 = Debug|Any CPU
		{A140EBBD-A2D0-45C6-977A-8FF3D839FF6F}.Release|Any CPU.ActiveCfg = Release|Any CPU
		{A140EBBD-A2D0-45C6-977A-8FF3D839FF6F}.Release|Any CPU.Build.0 = Release|Any CPU
	EndGlobalSection
	GlobalSection(SolutionProperties) = preSolution
		HideSolutionNode = FALSE
	EndGlobalSection
	GlobalSection(ExtensibilityGlobals) = postSolution
		SolutionGuid = {E97F672B-3309-4AC9-8E09-7E12A59F76A6}
	EndGlobalSection
EndGlobal
